
Microsoft Visual Studio Solution File, Format Version 12.00
# Visual Studio Version 17
VisualStudioVersion = 17.6.33801.468
MinimumVisualStudioVersion = 10.0.40219.1
Project("{FAE04EC0-301F-11D3-BF4B-00C04F79EFBC}") = "sharpsnake", "sharpsnake\sharpsnake.csproj", "{B8EA0E82-195D-4685-AD5C-42A084DBFFD2}"
EndProject
Global
	GlobalSection(SolutionConfigurationPlatforms) = preSolution
		Debug|Any CPU = Debug|Any CPU
		Release|Any CPU = Release|Any CPU
	EndGlobalSection
	GlobalSection(ProjectConfigurationPlatforms) = postSolution
		{B8EA0E82-195D-4685-AD5C-42A084DBFFD2}.Debug|Any CPU.ActiveCfg = Debug|Any CPU
		{B8EA0E82-195D-4685-AD5C-42A084DBFFD2}.Debug|Any CPU.Build.0 = Debug|Any CPU
		{B8EA0E82-195D-4685-AD5C-42A084DBFFD2}.Release|Any CPU.ActiveCfg = Release|Any CPU
		{B8EA0E82-195D-4685-AD5C-42A084DBFFD2}.Release|Any CPU.Build.0 = Release|Any CPU
	EndGlobalSection
	GlobalSection(SolutionProperties) = preSolution
		HideSolutionNode = FALSE
	EndGlobalSection
	GlobalSection(ExtensibilityGlobals) = postSolution
		SolutionGuid = {DFEDDA32-2843-472B-AD87-AEB9C79F37CB}
	EndGlobalSection
EndGlobal
